
Microsoft Visual Studio Solution File, Format Version 12.00
# Visual Studio Version 17
VisualStudioVersion = 17.14.37111.16 d17.14
MinimumVisualStudioVersion = 10.0.40219.1
Project("{FAE04EC0-301F-11D3-BF4B-00C04F79EFBC}") = "DALTUDTXD_AddinTKLanhToGiangTuongBoTru_0167967_NV30", "DALTUDTXD_AddinTKLanhToGiangTuongBoTru_0167967_NV30\DALTUDTXD_AddinTKLanhToGiangTuongBoTru_0167967_NV30.csproj", "{3A8816EB-5DB9-41E3-8D3A-AAC0517E7A2D}"
EndProject
Global
	GlobalSection(SolutionConfigurationPlatforms) = preSolution
		Debug|Any CPU = Debug|Any CPU
		Release|Any CPU = Release|Any CPU
	EndGlobalSection
	GlobalSection(ProjectConfigurationPlatforms) = postSolution
		{3A8816EB-5DB9-41E3-8D3A-AAC0517E7A2D}.Debug|Any CPU.ActiveCfg = Debug|Any CPU
		{3A8816EB-5DB9-41E3-8D3A-AAC0517E7A2D}.Debug|Any CPU.Build.0 = Debug|Any CPU
		{3A8816EB-5DB9-41E3-8D3A-AAC0517E7A2D}.Release|Any CPU.ActiveCfg = Release|Any CPU
		{3A8816EB-5DB9-41E3-8D3A-AAC0517E7A2D}.Release|Any CPU.Build.0 = Release|Any CPU
	EndGlobalSection
	GlobalSection(SolutionProperties) = preSolution
		HideSolutionNode = FALSE
	EndGlobalSection
	GlobalSection(ExtensibilityGlobals) = postSolution
		SolutionGuid = {DD26323E-8EC2-40B2-81A1-18116F5D213E}
	EndGlobalSection
EndGlobal
